
Microsoft Visual Studio Solution File, Format Version 12.00
# Visual Studio Version 17
VisualStudioVersion = 17.0.31903.59
MinimumVisualStudioVersion = 10.0.40219.1
Project("{FAE04EC0-301F-11D3-BF4B-00C04F79EFBC}") = "Users.GrpcApi", "Users.GrpcApi\Users.GrpcApi.csproj", "{F5487C74-AE43-475E-B03B-B785DAA6E534}"
EndProject
Project("{FAE04EC0-301F-11D3-BF4B-00C04F79EFBC}") = "Users.Db", "Users.Db\Users.Db.csproj", "{37D4E514-19D8-49C8-811F-D91C42489CAD}"
EndProject
Project("{2150E333-8FDC-42A3-9474-1A3956D46DE8}") = "Solution Items", "Solution Items", "{F7AC5EC6-0F9E-4CC2-8C3D-3AE2BDED8FD8}"
	ProjectSection(SolutionItems) = preProject
		compose.yaml = compose.yaml
	EndProjectSection
EndProject
Project("{FAE04EC0-301F-11D3-BF4B-00C04F79EFBC}") = "Users.DbMigrator", "Users.DbMigrator\Users.DbMigrator.csproj", "{C7D311D4-1075-4818-A897-744F1BA586DB}"
EndProject
Global
	GlobalSection(SolutionConfigurationPlatforms) = preSolution
		Debug|Any CPU = Debug|Any CPU
		Release|Any CPU = Release|Any CPU
	EndGlobalSection
	GlobalSection(SolutionProperties) = preSolution
		HideSolutionNode = FALSE
	EndGlobalSection
	GlobalSection(ProjectConfigurationPlatforms) = postSolution
		{F5487C74-AE43-475E-B03B-B785DAA6E534}.Debug|Any CPU.ActiveCfg = Debug|Any CPU
		{F5487C74-AE43-475E-B03B-B785DAA6E534}.Debug|Any CPU.Build.0 = Debug|Any CPU
		{F5487C74-AE43-475E-B03B-B785DAA6E534}.Release|Any CPU.ActiveCfg = Release|Any CPU
		{F5487C74-AE43-475E-B03B-B785DAA6E534}.Release|Any CPU.Build.0 = Release|Any CPU
		{37D4E514-19D8-49C8-811F-D91C42489CAD}.Debug|Any CPU.ActiveCfg = Debug|Any CPU
		{37D4E514-19D8-49C8-811F-D91C42489CAD}.Debug|Any CPU.Build.0 = Debug|Any CPU
		{37D4E514-19D8-49C8-811F-D91C42489CAD}.Release|Any CPU.ActiveCfg = Release|Any CPU
		{37D4E514-19D8-49C8-811F-D91C42489CAD}.Release|Any CPU.Build.0 = Release|Any CPU
		{C7D311D4-1075-4818-A897-744F1BA586DB}.Debug|Any CPU.ActiveCfg = Debug|Any CPU
		{C7D311D4-1075-4818-A897-744F1BA586DB}.Debug|Any CPU.Build.0 = Debug|Any CPU
		{C7D311D4-1075-4818-A897-744F1BA586DB}.Release|Any CPU.ActiveCfg = Release|Any CPU
		{C7D311D4-1075-4818-A897-744F1BA586DB}.Release|Any CPU.Build.0 = Release|Any CPU
	EndGlobalSection
EndGlobal
